
Microsoft Visual Studio Solution File, Format Version 12.00
# Visual Studio 15
VisualStudioVersion = 15.0.26124.0
MinimumVisualStudioVersion = 15.0.26124.0
Project("{FAE04EC0-301F-11D3-BF4B-00C04F79EFBC}") = "Smart_Accounting.API", "Smart_Accounting.API\Smart_Accounting.API.csproj", "{D5F45396-A556-4D61-B9AD-D871DF174C96}"
EndProject
Project("{FAE04EC0-301F-11D3-BF4B-00C04F79EFBC}") = "Smart_Accounting.Application", "Smart_Accounting.Application\Smart_Accounting.Application.csproj", "{AA277672-3794-4047-9B11-99F88BB68C69}"
EndProject
Project("{FAE04EC0-301F-11D3-BF4B-00C04F79EFBC}") = "Smart_Accounting.Persistance", "Smart_Accounting.Persistance\Smart_Accounting.Persistance.csproj", "{1BC0B5E6-0B95-487B-B58B-F314AAA2A0E0}"
EndProject
Project("{FAE04EC0-301F-11D3-BF4B-00C04F79EFBC}") = "Smart_Accounting.Domain", "Smart_Accounting.Domain\Smart_Accounting.Domain.csproj", "{606AF31E-4ECE-4CD0-A4D9-2DABA976C00B}"
EndProject
Project("{FAE04EC0-301F-11D3-BF4B-00C04F79EFBC}") = "Smart_Accounting.Commons", "Smart_Accounting.Commons\Smart_Accounting.Commons.csproj", "{A8DB2DF3-9C61-46E1-AC38-50311ABBD52C}"
EndProject
Project("{FAE04EC0-301F-11D3-BF4B-00C04F79EFBC}") = "Smart_Accounting.Infrastructure", "Smart_Accounting.Infrastructure\Smart_Accounting.Infrastructure.csproj", "{93D8CD35-996E-45DB-80F3-D4DDE948AD93}"
EndProject
Project("{FAE04EC0-301F-11D3-BF4B-00C04F79EFBC}") = "Smart_Accounting.Domain.NUnitTest", "Smart_Accounting.Domain.NUnitTest\Smart_Accounting.Domain.NUnitTest.csproj", "{E3B46ED1-68A7-45F5-BAC6-E03815DA5D87}"
EndProject
Project("{FAE04EC0-301F-11D3-BF4B-00C04F79EFBC}") = "Smart_Accounting.Application.NUnitTest", "Smart_Accounting.Application.NUnitTest\Smart_Accounting.Application.NUnitTest.csproj", "{1AC459DF-C072-4073-B8C0-329B12F1E0BA}"
EndProject
Project("{FAE04EC0-301F-11D3-BF4B-00C04F79EFBC}") = "Smart_Accounting.API.NUnitTest", "Smart_Accounting.API.NUnitTest\Smart_Accounting.API.NUnitTest.csproj", "{1D767DE2-7614-48D7-A233-B4FEBF6B1819}"
EndProject
Global
	GlobalSection(SolutionConfigurationPlatforms) = preSolution
		Debug|Any CPU = Debug|Any CPU
		Debug|x64 = Debug|x64
		Debug|x86 = Debug|x86
		Release|Any CPU = Release|Any CPU
		Release|x64 = Release|x64
		Release|x86 = Release|x86
	EndGlobalSection
	GlobalSection(SolutionProperties) = preSolution
		HideSolutionNode = FALSE
	EndGlobalSection
	GlobalSection(ProjectConfigurationPlatforms) = postSolution
		{D5F45396-A556-4D61-B9AD-D871DF174C96}.Debug|Any CPU.ActiveCfg = Debug|Any CPU
		{D5F45396-A556-4D61-B9AD-D871DF174C96}.Debug|Any CPU.Build.0 = Debug|Any CPU
		{D5F45396-A556-4D61-B9AD-D871DF174C96}.Debug|x64.ActiveCfg = Debug|x64
		{D5F45396-A556-4D61-B9AD-D871DF174C96}.Debug|x64.Build.0 = Debug|x64
		{D5F45396-A556-4D61-B9AD-D871DF174C96}.Debug|x86.ActiveCfg = Debug|x86
		{D5F45396-A556-4D61-B9AD-D871DF174C96}.Debug|x86.Build.0 = Debug|x86
		{D5F45396-A556-4D61-B9AD-D871DF174C96}.Release|Any CPU.ActiveCfg = Release|Any CPU
		{D5F45396-A556-4D61-B9AD-D871DF174C96}.Release|Any CPU.Build.0 = Release|Any CPU
		{D5F45396-A556-4D61-B9AD-D871DF174C96}.Release|x64.ActiveCfg = Release|x64
		{D5F45396-A556-4D61-B9AD-D871DF174C96}.Release|x64.Build.0 = Release|x64
		{D5F45396-A556-4D61-B9AD-D871DF174C96}.Release|x86.ActiveCfg = Release|x86
		{D5F45396-A556-4D61-B9AD-D871DF174C96}.Release|x86.Build.0 = Release|x86
		{AA277672-3794-4047-9B11-99F88BB68C69}.Debug|Any CPU.ActiveCfg = Debug|Any CPU
		{AA277672-3794-4047-9B11-99F88BB68C69}.Debug|Any CPU.Build.0 = Debug|Any CPU
		{AA277672-3794-4047-9B11-99F88BB68C69}.Debug|x64.ActiveCfg = Debug|x64
		{AA277672-3794-4047-9B11-99F88BB68C69}.Debug|x64.Build.0 = Debug|x64
		{AA277672-3794-4047-9B11-99F88BB68C69}.Debug|x86.ActiveCfg = Debug|x86
		{AA277672-3794-4047-9B11-99F88BB68C69}.Debug|x86.Build.0 = Debug|x86
		{AA277672-3794-4047-9B11-99F88BB68C69}.Release|Any CPU.ActiveCfg = Release|Any CPU
		{AA277672-3794-4047-9B11-99F88BB68C69}.Release|Any CPU.Build.0 = Release|Any CPU
		{AA277672-3794-4047-9B11-99F88BB68C69}.Release|x64.ActiveCfg = Release|x64
		{AA277672-3794-4047-9B11-99F88BB68C69}.Release|x64.Build.0 = Release|x64
		{AA277672-3794-4047-9B11-99F88BB68C69}.Release|x86.ActiveCfg = Release|x86
		{AA277672-3794-4047-9B11-99F88BB68C69}.Release|x86.Build.0 = Release|x86
		{1BC0B5E6-0B95-487B-B58B-F314AAA2A0E0}.Debug|Any CPU.ActiveCfg = Debug|Any CPU
		{1BC0B5E6-0B95-487B-B58B-F314AAA2A0E0}.Debug|Any CPU.Build.0 = Debug|Any CPU
		{1BC0B5E6-0B95-487B-B58B-F314AAA2A0E0}.Debug|x64.ActiveCfg = Debug|x64
		{1BC0B5E6-0B95-487B-B58B-F314AAA2A0E0}.Debug|x64.Build.0 = Debug|x64
		{1BC0B5E6-0B95-487B-B58B-F314AAA2A0E0}.Debug|x86.ActiveCfg = Debug|x86
		{1BC0B5E6-0B95-487B-B58B-F314AAA2A0E0}.Debug|x86.Build.0 = Debug|x86
		{1BC0B5E6-0B95-487B-B58B-F314AAA2A0E0}.Release|Any CPU.ActiveCfg = Release|Any CPU
		{1BC0B5E6-0B95-487B-B58B-F314AAA2A0E0}.Release|Any CPU.Build.0 = Release|Any CPU
		{1BC0B5E6-0B95-487B-B58B-F314AAA2A0E0}.Release|x64.ActiveCfg = Release|x64
		{1BC0B5E6-0B95-487B-B58B-F314AAA2A0E0}.Release|x64.Build.0 = Release|x64
		{1BC0B5E6-0B95-487B-B58B-F314AAA2A0E0}.Release|x86.ActiveCfg = Release|x86
		{1BC0B5E6-0B95-487B-B58B-F314AAA2A0E0}.Release|x86.Build.0 = Release|x86
		{606AF31E-4ECE-4CD0-A4D9-2DABA976C00B}.Debug|Any CPU.ActiveCfg = Debug|Any CPU
		{606AF31E-4ECE-4CD0-A4D9-2DABA976C00B}.Debug|Any CPU.Build.0 = Debug|Any CPU
		{606AF31E-4ECE-4CD0-A4D9-2DABA976C00B}.Debug|x64.ActiveCfg = Debug|x64
		{606AF31E-4ECE-4CD0-A4D9-2DABA976C00B}.Debug|x64.Build.0 = Debug|x64
		{606AF31E-4ECE-4CD0-A4D9-2DABA976C00B}.Debug|x86.ActiveCfg = Debug|x86
		{606AF31E-4ECE-4CD0-A4D9-2DABA976C00B}.Debug|x86.Build.0 = Debug|x86
		{606AF31E-4ECE-4CD0-A4D9-2DABA976C00B}.Release|Any CPU.ActiveCfg = Release|Any CPU
		{606AF31E-4ECE-4CD0-A4D9-2DABA976C00B}.Release|Any CPU.Build.0 = Release|Any CPU
		{606AF31E-4ECE-4CD0-A4D9-2DABA976C00B}.Release|x64.ActiveCfg = Release|x64
		{606AF31E-4ECE-4CD0-A4D9-2DABA976C00B}.Release|x64.Build.0 = Release|x64
		{606AF31E-4ECE-4CD0-A4D9-2DABA976C00B}.Release|x86.ActiveCfg = Release|x86
		{606AF31E-4ECE-4CD0-A4D9-2DABA976C00B}.Release|x86.Build.0 = Release|x86
		{A8DB2DF3-9C61-46E1-AC38-50311ABBD52C}.Debug|Any CPU.ActiveCfg = Debug|Any CPU
		{A8DB2DF3-9C61-46E1-AC38-50311ABBD52C}.Debug|Any CPU.Build.0 = Debug|Any CPU
		{A8DB2DF3-9C61-46E1-AC38-50311ABBD52C}.Debug|x64.ActiveCfg = Debug|x64
		{A8DB2DF3-9C61-46E1-AC38-50311ABBD52C}.Debug|x64.Build.0 = Debug|x64
		{A8DB2DF3-9C61-46E1-AC38-50311ABBD52C}.Debug|x86.ActiveCfg = Debug|x86
		{A8DB2DF3-9C61-46E1-AC38-50311ABBD52C}.Debug|x86.Build.0 = Debug|x86
		{A8DB2DF3-9C61-46E1-AC38-50311ABBD52C}.Release|Any CPU.ActiveCfg = Release|Any CPU
		{A8DB2DF3-9C61-46E1-AC38-50311ABBD52C}.Release|Any CPU.Build.0 = Release|Any CPU
		{A8DB2DF3-9C61-46E1-AC38-50311ABBD52C}.Release|x64.ActiveCfg = Release|x64
		{A8DB2DF3-9C61-46E1-AC38-50311ABBD52C}.Release|x64.Build.0 = Release|x64
		{A8DB2DF3-9C61-46E1-AC38-50311ABBD52C}.Release|x86.ActiveCfg = Release|x86
		{A8DB2DF3-9C61-46E1-AC38-50311ABBD52C}.Release|x86.Build.0 = Release|x86
		{93D8CD35-996E-45DB-80F3-D4DDE948AD93}.Debug|Any CPU.ActiveCfg = Debug|Any CPU
		{93D8CD35-996E-45DB-80F3-D4DDE948AD93}.Debug|Any CPU.Build.0 = Debug|Any CPU
		{93D8CD35-996E-45DB-80F3-D4DDE948AD93}.Debug|x64.ActiveCfg = Debug|x64
		{93D8CD35-996E-45DB-80F3-D4DDE948AD93}.Debug|x64.Build.0 = Debug|x64
		{93D8CD35-996E-45DB-80F3-D4DDE948AD93}.Debug|x86.ActiveCfg = Debug|x86
		{93D8CD35-996E-45DB-80F3-D4DDE948AD93}.Debug|x86.Build.0 = Debug|x86
		{93D8CD35-996E-45DB-80F3-D4DDE948AD93}.Release|Any CPU.ActiveCfg = Release|Any CPU
		{93D8CD35-996E-45DB-80F3-D4DDE948AD93}.Release|Any CPU.Build.0 = Release|Any CPU
		{93D8CD35-996E-45DB-80F3-D4DDE948AD93}.Release|x64.ActiveCfg = Release|x64
		{93D8CD35-996E-45DB-80F3-D4DDE948AD93}.Release|x64.Build.0 = Release|x64
		{93D8CD35-996E-45DB-80F3-D4DDE948AD93}.Release|x86.ActiveCfg = Release|x86
		{93D8CD35-996E-45DB-80F3-D4DDE948AD93}.Release|x86.Build.0 = Release|x86
		{8DA753E7-2567-4635-8F7A-8C3853206322}.Debug|Any CPU.ActiveCfg = Debug|Any CPU
		{8DA753E7-2567-4635-8F7A-8C3853206322}.Debug|Any CPU.Build.0 = Debug|Any CPU
		{8DA753E7-2567-4635-8F7A-8C3853206322}.Debug|x64.ActiveCfg = Debug|x64
		{8DA753E7-2567-4635-8F7A-8C3853206322}.Debug|x64.Build.0 = Debug|x64
		{8DA753E7-2567-4635-8F7A-8C3853206322}.Debug|x86.ActiveCfg = Debug|x86
		{8DA753E7-2567-4635-8F7A-8C3853206322}.Debug|x86.Build.0 = Debug|x86
		{8DA753E7-2567-4635-8F7A-8C3853206322}.Release|Any CPU.ActiveCfg = Release|Any CPU
		{8DA753E7-2567-4635-8F7A-8C3853206322}.Release|Any CPU.Build.0 = Release|Any CPU
		{8DA753E7-2567-4635-8F7A-8C3853206322}.Release|x64.ActiveCfg = Release|x64
		{8DA753E7-2567-4635-8F7A-8C3853206322}.Release|x64.Build.0 = Release|x64
		{8DA753E7-2567-4635-8F7A-8C3853206322}.Release|x86.ActiveCfg = Release|x86
		{8DA753E7-2567-4635-8F7A-8C3853206322}.Release|x86.Build.0 = Release|x86
		{D134D82E-4B51-49A4-AF63-0D47FF0AB2B8}.Debug|Any CPU.ActiveCfg = Debug|Any CPU
		{D134D82E-4B51-49A4-AF63-0D47FF0AB2B8}.Debug|Any CPU.Build.0 = Debug|Any CPU
		{D134D82E-4B51-49A4-AF63-0D47FF0AB2B8}.Debug|x64.ActiveCfg = Debug|x64
		{D134D82E-4B51-49A4-AF63-0D47FF0AB2B8}.Debug|x64.Build.0 = Debug|x64
		{D134D82E-4B51-49A4-AF63-0D47FF0AB2B8}.Debug|x86.ActiveCfg = Debug|x86
		{D134D82E-4B51-49A4-AF63-0D47FF0AB2B8}.Debug|x86.Build.0 = Debug|x86
		{D134D82E-4B51-49A4-AF63-0D47FF0AB2B8}.Release|Any CPU.ActiveCfg = Release|Any CPU
		{D134D82E-4B51-49A4-AF63-0D47FF0AB2B8}.Release|Any CPU.Build.0 = Release|Any CPU
		{D134D82E-4B51-49A4-AF63-0D47FF0AB2B8}.Release|x64.ActiveCfg = Release|x64
		{D134D82E-4B51-49A4-AF63-0D47FF0AB2B8}.Release|x64.Build.0 = Release|x64
		{D134D82E-4B51-49A4-AF63-0D47FF0AB2B8}.Release|x86.ActiveCfg = Release|x86
		{D134D82E-4B51-49A4-AF63-0D47FF0AB2B8}.Release|x86.Build.0 = Release|x86
		{E3B46ED1-68A7-45F5-BAC6-E03815DA5D87}.Debug|Any CPU.ActiveCfg = Debug|Any CPU
		{E3B46ED1-68A7-45F5-BAC6-E03815DA5D87}.Debug|Any CPU.Build.0 = Debug|Any CPU
		{E3B46ED1-68A7-45F5-BAC6-E03815DA5D87}.Debug|x64.ActiveCfg = Debug|x64
		{E3B46ED1-68A7-45F5-BAC6-E03815DA5D87}.Debug|x64.Build.0 = Debug|x64
		{E3B46ED1-68A7-45F5-BAC6-E03815DA5D87}.Debug|x86.ActiveCfg = Debug|x86
		{E3B46ED1-68A7-45F5-BAC6-E03815DA5D87}.Debug|x86.Build.0 = Debug|x86
		{E3B46ED1-68A7-45F5-BAC6-E03815DA5D87}.Release|Any CPU.ActiveCfg = Release|Any CPU
		{E3B46ED1-68A7-45F5-BAC6-E03815DA5D87}.Release|Any CPU.Build.0 = Release|Any CPU
		{E3B46ED1-68A7-45F5-BAC6-E03815DA5D87}.Release|x64.ActiveCfg = Release|x64
		{E3B46ED1-68A7-45F5-BAC6-E03815DA5D87}.Release|x64.Build.0 = Release|x64
		{E3B46ED1-68A7-45F5-BAC6-E03815DA5D87}.Release|x86.ActiveCfg = Release|x86
		{E3B46ED1-68A7-45F5-BAC6-E03815DA5D87}.Release|x86.Build.0 = Release|x86
		{1AC459DF-C072-4073-B8C0-329B12F1E0BA}.Debug|Any CPU.ActiveCfg = Debug|Any CPU
		{1AC459DF-C072-4073-B8C0-329B12F1E0BA}.Debug|Any CPU.Build.0 = Debug|Any CPU
		{1AC459DF-C072-4073-B8C0-329B12F1E0BA}.Debug|x64.ActiveCfg = Debug|x64
		{1AC459DF-C072-4073-B8C0-329B12F1E0BA}.Debug|x64.Build.0 = Debug|x64
		{1AC459DF-C072-4073-B8C0-329B12F1E0BA}.Debug|x86.ActiveCfg = Debug|x86
		{1AC459DF-C072-4073-B8C0-329B12F1E0BA}.Debug|x86.Build.0 = Debug|x86
		{1AC459DF-C072-4073-B8C0-329B12F1E0BA}.Release|Any CPU.ActiveCfg = Release|Any CPU
		{1AC459DF-C072-4073-B8C0-329B12F1E0BA}.Release|Any CPU.Build.0 = Release|Any CPU
		{1AC459DF-C072-4073-B8C0-329B12F1E0BA}.Release|x64.ActiveCfg = Release|x64
		{1AC459DF-C072-4073-B8C0-329B12F1E0BA}.Release|x64.Build.0 = Release|x64
		{1AC459DF-C072-4073-B8C0-329B12F1E0BA}.Release|x86.ActiveCfg = Release|x86
		{1AC459DF-C072-4073-B8C0-329B12F1E0BA}.Release|x86.Build.0 = Release|x86
		{1D767DE2-7614-48D7-A233-B4FEBF6B1819}.Debug|Any CPU.ActiveCfg = Debug|Any CPU
		{1D767DE2-7614-48D7-A233-B4FEBF6B1819}.Debug|Any CPU.Build.0 = Debug|Any CPU
		{1D767DE2-7614-48D7-A233-B4FEBF6B1819}.Debug|x64.ActiveCfg = Debug|x64
		{1D767DE2-7614-48D7-A233-B4FEBF6B1819}.Debug|x64.Build.0 = Debug|x64
		{1D767DE2-7614-48D7-A233-B4FEBF6B1819}.Debug|x86.ActiveCfg = Debug|x86
		{1D767DE2-7614-48D7-A233-B4FEBF6B1819}.Debug|x86.Build.0 = Debug|x86
		{1D767DE2-7614-48D7-A233-B4FEBF6B1819}.Release|Any CPU.ActiveCfg = Release|Any CPU
		{1D767DE2-7614-48D7-A233-B4FEBF6B1819}.Release|Any CPU.Build.0 = Release|Any CPU
		{1D767DE2-7614-48D7-A233-B4FEBF6B1819}.Release|x64.ActiveCfg = Release|x64
		{1D767DE2-7614-48D7-A233-B4FEBF6B1819}.Release|x64.Build.0 = Release|x64
		{1D767DE2-7614-48D7-A233-B4FEBF6B1819}.Release|x86.ActiveCfg = Release|x86
		{1D767DE2-7614-48D7-A233-B4FEBF6B1819}.Release|x86.Build.0 = Release|x86
	EndGlobalSection
EndGlobal
